dependencies:
- name: elasticsearch
  repository: https://charts.bitnami.com/bitnami
  version: 19.5.5
- name: postgresql
  repository: https://charts.bitnami.com/bitnami
  version: 11.9.13
- name: redis
  repository: https://charts.bitnami.com/bitnami
  version: 17.3.17
digest: sha256:3daa7845b577d763612ba7feac1e455ac9cdcd5172ae317da08bbe356d77e11b
generated: "2022-12-20T22:22:12.973781199+01:00"
